
Microsoft Visual Studio Solution File, Format Version 12.00
# Visual Studio Version 17
VisualStudioVersion = 17.9.34616.47
MinimumVisualStudioVersion = 10.0.40219.1
Project("{FAE04EC0-301F-11D3-BF4B-00C04F79EFBC}") = "Tobey.Sprintaholic.SupermarketSimulator", "Tobey.Sprintaholic.SupermarketSimulator\Tobey.Sprintaholic.SupermarketSimulator.csproj", "{0C98DFD1-DF4F-4B87-A16C-7421D223381D}"
EndProject
Global
	GlobalSection(SolutionConfigurationPlatforms) = preSolution
		Game Pass|Any CPU = Game Pass|Any CPU
		Steam|Any CPU = Steam|Any CPU
	EndGlobalSection
	GlobalSection(ProjectConfigurationPlatforms) = postSolution
		{0C98DFD1-DF4F-4B87-A16C-7421D223381D}.Game Pass|Any CPU.ActiveCfg = Game Pass|Any CPU
		{0C98DFD1-DF4F-4B87-A16C-7421D223381D}.Game Pass|Any CPU.Build.0 = Game Pass|Any CPU
		{0C98DFD1-DF4F-4B87-A16C-7421D223381D}.Steam|Any CPU.ActiveCfg = Steam|Any CPU
		{0C98DFD1-DF4F-4B87-A16C-7421D223381D}.Steam|Any CPU.Build.0 = Steam|Any CPU
	EndGlobalSection
	GlobalSection(SolutionProperties) = preSolution
		HideSolutionNode = FALSE
	EndGlobalSection
	GlobalSection(ExtensibilityGlobals) = postSolution
		SolutionGuid = {E02AD798-7843-4D2F-98B5-7A4D6C9258BF}
	EndGlobalSection
EndGlobal
